
Microsoft Visual Studio Solution File, Format Version 12.00
# Visual Studio Version 16
VisualStudioVersion = 16.0.29418.71
MinimumVisualStudioVersion = 10.0.40219.1
Project("{9A19103F-16F7-4668-BE54-9A1E7A4F7556}") = "Entity", "Entity\Entity.csproj", "{A3BB4579-C76C-4E86-8F64-3440CD71B431}"
EndProject
Project("{9A19103F-16F7-4668-BE54-9A1E7A4F7556}") = "Function", "Function\Function.csproj", "{BC4EC1AE-5C02-45D5-9371-3C7EB6F9787D}"
EndProject
Project("{9A19103F-16F7-4668-BE54-9A1E7A4F7556}") = "WebApi", "WebApi\WebApi.csproj", "{BFCD4452-927A-4534-BFFC-BFFAE8DC7605}"
EndProject
Global
	GlobalSection(SolutionConfigurationPlatforms) = preSolution
		Debug|Any CPU = Debug|Any CPU
		Release|Any CPU = Release|Any CPU
	EndGlobalSection
	GlobalSection(ProjectConfigurationPlatforms) = postSolution
		{A3BB4579-C76C-4E86-8F64-3440CD71B431}.Debug|Any CPU.ActiveCfg = Debug|Any CPU
		{A3BB4579-C76C-4E86-8F64-3440CD71B431}.Debug|Any CPU.Build.0 = Debug|Any CPU
		{A3BB4579-C76C-4E86-8F64-3440CD71B431}.Release|Any CPU.ActiveCfg = Release|Any CPU
		{A3BB4579-C76C-4E86-8F64-3440CD71B431}.Release|Any CPU.Build.0 = Release|Any CPU
		{BC4EC1AE-5C02-45D5-9371-3C7EB6F9787D}.Debug|Any CPU.ActiveCfg = Debug|Any CPU
		{BC4EC1AE-5C02-45D5-9371-3C7EB6F9787D}.Debug|Any CPU.Build.0 = Debug|Any CPU
		{BC4EC1AE-5C02-45D5-9371-3C7EB6F9787D}.Release|Any CPU.ActiveCfg = Release|Any CPU
		{BC4EC1AE-5C02-45D5-9371-3C7EB6F9787D}.Release|Any CPU.Build.0 = Release|Any CPU
		{BFCD4452-927A-4534-BFFC-BFFAE8DC7605}.Debug|Any CPU.ActiveCfg = Debug|Any CPU
		{BFCD4452-927A-4534-BFFC-BFFAE8DC7605}.Debug|Any CPU.Build.0 = Debug|Any CPU
		{BFCD4452-927A-4534-BFFC-BFFAE8DC7605}.Release|Any CPU.ActiveCfg = Release|Any CPU
		{BFCD4452-927A-4534-BFFC-BFFAE8DC7605}.Release|Any CPU.Build.0 = Release|Any CPU
	EndGlobalSection
	GlobalSection(SolutionProperties) = preSolution
		HideSolutionNode = FALSE
	EndGlobalSection
	GlobalSection(ExtensibilityGlobals) = postSolution
		SolutionGuid = {9CD3A001-6971-45C8-9D1E-4279E8D79AAE}
	EndGlobalSection
EndGlobal
